
Microsoft Visual Studio Solution File, Format Version 12.00
# Visual Studio 15
VisualStudioVersion = 15.0.28307.489
MinimumVisualStudioVersion = 10.0.40219.1
Project("{8BC9CEB8-8B4A-11D0-8D11-00A0C91BC942}") = "Snake", "Snake\Snake.vcxproj", "{A18ECF1B-7A5D-43CE-BB63-F660F1E4E498}"
EndProject
Global
	GlobalSection(SolutionConfigurationPlatforms) = preSolution
		Debug|x64 = Debug|x64
		Debug|x86 = Debug|x86
		Release|x64 = Release|x64
		Release|x86 = Release|x86
	EndGlobalSection
	GlobalSection(ProjectConfigurationPlatforms) = postSolution
		{A18ECF1B-7A5D-43CE-BB63-F660F1E4E498}.Debug|x64.ActiveCfg = Debug|x64
		{A18ECF1B-7A5D-43CE-BB63-F660F1E4E498}.Debug|x64.Build.0 = Debug|x64
		{A18ECF1B-7A5D-43CE-BB63-F660F1E4E498}.Debug|x86.ActiveCfg = Debug|Win32
		{A18ECF1B-7A5D-43CE-BB63-F660F1E4E498}.Debug|x86.Build.0 = Debug|Win32
		{A18ECF1B-7A5D-43CE-BB63-F660F1E4E498}.Release|x64.ActiveCfg = Release|x64
		{A18ECF1B-7A5D-43CE-BB63-F660F1E4E498}.Release|x64.Build.0 = Release|x64
		{A18ECF1B-7A5D-43CE-BB63-F660F1E4E498}.Release|x86.ActiveCfg = Release|Win32
		{A18ECF1B-7A5D-43CE-BB63-F660F1E4E498}.Release|x86.Build.0 = Release|Win32
	EndGlobalSection
	GlobalSection(SolutionProperties) = preSolution
		HideSolutionNode = FALSE
	EndGlobalSection
	GlobalSection(ExtensibilityGlobals) = postSolution
		SolutionGuid = {91823A27-1917-43FE-B40D-E0CF52446680}
	EndGlobalSection
EndGlobal
